
Microsoft Visual Studio Solution File, Format Version 12.00
# Visual Studio Version 16
VisualStudioVersion = 16.0.30011.22
MinimumVisualStudioVersion = 10.0.40219.1
Project("{FAE04EC0-301F-11D3-BF4B-00C04F79EFBC}") = "Tsdiagram", "Tsdiagram\Tsdiagram.csproj", "{AC14D35F-3A7C-46E7-8D42-F39B591D3DD4}"
EndProject
Global
	GlobalSection(SolutionConfigurationPlatforms) = preSolution
		Debug|Any CPU = Debug|Any CPU
		Release|Any CPU = Release|Any CPU
	EndGlobalSection
	GlobalSection(ProjectConfigurationPlatforms) = postSolution
		{AC14D35F-3A7C-46E7-8D42-F39B591D3DD4}.Debug|Any CPU.ActiveCfg = Debug|Any CPU
		{AC14D35F-3A7C-46E7-8D42-F39B591D3DD4}.Debug|Any CPU.Build.0 = Debug|Any CPU
		{AC14D35F-3A7C-46E7-8D42-F39B591D3DD4}.Release|Any CPU.ActiveCfg = Release|Any CPU
		{AC14D35F-3A7C-46E7-8D42-F39B591D3DD4}.Release|Any CPU.Build.0 = Release|Any CPU
	EndGlobalSection
	GlobalSection(SolutionProperties) = preSolution
		HideSolutionNode = FALSE
	EndGlobalSection
	GlobalSection(ExtensibilityGlobals) = postSolution
		SolutionGuid = {BE22F773-B401-464C-88AC-F2B198BADE3C}
	EndGlobalSection
EndGlobal
